// !$*UTF8*$!
{
	archiveVersion = 1;
	classes = {
	};
	objectVersion = 46;
	objects = {

/* Begin PBXBuildFile section */
		B5CA13641BC805260017EAD7 /* AppDelegate.swift in Sources */ = {isa = PBXBuildFile; fileRef = B5CA13631BC805260017EAD7 /* AppDelegate.swift */; };
		B5CA13661BC805260017EAD7 /* ViewController.swift in Sources */ = {isa = PBXBuildFile; fileRef = B5CA13651BC805260017EAD7 /* ViewController.swift */; };
		B5CA13691BC805260017EAD7 /* Main.storyboard in Resources */ = {isa = PBXBuildFile; fileRef = B5CA13671BC805260017EAD7 /* Main.storyboard */; };
		B5CA136B1BC805260017EAD7 /* Assets.xcassets in Resources */ = {isa = PBXBuildFile; fileRef = B5CA136A1BC805260017EAD7 /* Assets.xcassets */; };
		B5CA136E1BC805260017EAD7 /* LaunchScreen.storyboard in Resources */ = {isa = PBXBuildFile; fileRef = B5CA136C1BC805260017EAD7 /* LaunchScreen.storyboard */; };
/* End PBXBuildFile section */

/* Begin PBXFileReference section */
		B5CA13601BC805260017EAD7 /* SwiftEnum.app */ = {isa = PBXFileReference; explicitFileType = wrapper.application; includeInIndex = 0; path = SwiftEnum.app; sourceTree = BUILT_PRODUCTS_DIR; };
		B5CA13631BC805260017EAD7 /* AppDelegate.swift */ = {isa = PBXFileReference; lastKnownFileType = sourcecode.swift; path = AppDelegate.swift; sourceTree = "<group>"; };
		B5CA13651BC805260017EAD7 /* ViewController.swift */ = {isa = PBXFileReference; lastKnownFileType = sourcecode.swift; path = ViewController.swift; sourceTree = "<group>"; };
		B5CA13681BC805260017EAD7 /* Base */ = {isa = PBXFileReference; lastKnownFileType = file.storyboard; name = Base; path = Base.lproj/Main.storyboard; sourceTree = "<group>"; };
		B5CA136A1BC805260017EAD7 /* Assets.xcassets */ = {isa = PBXFileReference; lastKnownFileType = folder.assetcatalog; path = Assets.xcassets; sourceTree = "<group>"; };
		B5CA136D1BC805260017EAD7 /* Base */ = {isa = PBXFileReference; lastKnownFileType = file.storyboard; name = Base; path = Base.lproj/LaunchScreen.storyboard; sourceTree = "<group>"; };
		B5CA136F1BC805260017EAD7 /* Info.plist */ = {isa = PBXFileReference; lastKnownFileType = text.plist.xml; path = Info.plist; sourceTree = "<group>"; };
/* End PBXFileReference section */

/* Begin PBXFrameworksBuildPhase section */
		B5CA135D1BC805260017EAD7 /* Frameworks */ = {
			isa = PBXFrameworksBuildPhase;
			buildActionMask = 2147483647;
			files = (
			);
			runOnlyForDeploymentPostprocessing = 0;
		};
/* End PBXFrameworksBuildPhase section */

/* Begin PBXGroup section */
		B5CA13571BC805260017EAD7 = {
			isa = PBXGroup;
			children = (
				B5CA13621BC805260017EAD7 /* SwiftEnum */,
				B5CA13611BC805260017EAD7 /* Products */,
			);
			sourceTree = "<group>";
		};
		B5CA13611BC805260017EAD7 /* Products */ = {
			isa = PBXGroup;
			children = (
				B5CA13601BC805260017EAD7 /* SwiftEnum.app */,
			);
			name = Products;
			sourceTree = "<group>";
		};
		B5CA13621BC805260017EAD7 /* SwiftEnum */ = {
			isa = PBXGroup;
			children = (
				B5CA13631BC805260017EAD7 /* AppDelegate.swift */,
				B5CA13651BC805260017EAD7 /* ViewController.swift */,
				B5CA13671BC805260017EAD7 /* Main.storyboard */,
				B5CA136A1BC805260017EAD7 /* Assets.xcassets */,
				B5CA136C1BC805260017EAD7 /* LaunchScreen.storyboard */,
				B5CA136F1BC805260017EAD7 /* Info.plist */,
			);
			path = SwiftEnum;
			sourceTree = "<group>";
		};
/* End PBXGroup section */

/* Begin PBXNativeTarget section */
		B5CA135F1BC805260017EAD7 /* SwiftEnum */ = {
			isa = PBXNativeTarget;
			buildConfigurationList = B5CA13721BC805260017EAD7 /* Build configuration list for PBXNativeTarget "SwiftEnum" */;
			buildPhases = (
				B5CA135C1BC805260017EAD7 /* Sources */,
				B5CA135D1BC805260017EAD7 /* Frameworks */,
				B5CA135E1BC805260017EAD7 /* Resources */,
			);
			buildRules = (
			);
			dependencies = (
			);
			name = SwiftEnum;
			productName = SwiftEnum;
			productReference = B5CA13601BC805260017EAD7 /* SwiftEnum.app */;
			productType = "com.apple.product-type.application";
		};
/* End PBXNativeTarget section */

/* Begin PBXProject section */
		B5CA13581BC805260017EAD7 /* Project object */ = {
			isa = PBXProject;
			attributes = {
				LastUpgradeCheck = 0700;
				ORGANIZATIONNAME = FrankLiu;
				TargetAttributes = {
					B5CA135F1BC805260017EAD7 = {
						CreatedOnToolsVersion = 7.0.1;
					};
				};
			};
			buildConfigurationList = B5CA135B1BC805260017EAD7 /* Build configuration list for PBXProject "SwiftEnum" */;
			compatibilityVersion = "Xcode 3.2";
			developmentRegion = English;
			hasScannedForEncodings = 0;
			knownRegions = (
				en,
				Base,
			);
			mainGroup = B5CA13571BC805260017EAD7;
			productRefGroup = B5CA13611BC805260017EAD7 /* Products */;
			projectDirPath = "";
			projectRoot = "";
			targets = (
				B5CA135F1BC805260017EAD7 /* SwiftEnum */,
			);
		};
/* End PBXProject section */

/* Begin PBXResourcesBuildPhase section */
		B5CA135E1BC805260017EAD7 /* Resources */ = {
			isa = PBXResourcesBuildPhase;
			buildActionMask = 2147483647;
			files = (
				B5CA136E1BC805260017EAD7 /* LaunchScreen.storyboard in Resources */,
				B5CA136B1BC805260017EAD7 /* Assets.xcassets in Resources */,
				B5CA13691BC805260017EAD7 /* Main.storyboard in Resources */,
			);
			runOnlyForDeploymentPostprocessing = 0;
		};
/* End PBXResourcesBuildPhase section */

/* Begin PBXSourcesBuildPhase section */
		B5CA135C1BC805260017EAD7 /* Sources */ = {
			isa = PBXSourcesBuildPhase;
			buildActionMask = 2147483647;
			files = (
				B5CA13661BC805260017EAD7 /* ViewController.swift in Sources */,
				B5CA13641BC805260017EAD7 /* AppDelegate.swift in Sources */,
			);
			runOnlyForDeploymentPostprocessing = 0;
		};
/* End PBXSourcesBuildPhase section */

/* Begin PBXVariantGroup section */
		B5CA13671BC805260017EAD7 /* Main.storyboard */ = {
			isa = PBXVariantGroup;
			children = (
				B5CA13681BC805260017EAD7 /* Base */,
			);
			name = Main.storyboard;
			sourceTree = "<group>";
		};
		B5CA136C1BC805260017EAD7 /* LaunchScreen.storyboard */ = {
			isa = PBXVariantGroup;
			children = (
				B5CA136D1BC805260017EAD7 /* Base */,
			);
			name = LaunchScreen.storyboard;
			sourceTree = "<group>";
		};
/* End PBXVariantGroup section */

/* Begin XCBuildConfiguration section */
		B5CA13701BC805260017EAD7 /* Debug */ = {
			isa = XCBuildConfiguration;
			buildSettings = {
				ALWAYS_SEARCH_USER_PATHS = NO;
				CLANG_CXX_LANGUAGE_STANDARD = "gnu++0x";
				CLANG_CXX_LIBRARY = "libc++";
				CLANG_ENABLE_MODULES = YES;
				CLANG_ENABLE_OBJC_ARC = YES;
				CLANG_WARN_BOOL_CONVERSION = YES;
				CLANG_WARN_CONSTANT_CONVERSION = YES;
				CLANG_WARN_DIRECT_OBJC_ISA_USAGE = YES_ERROR;
				CLANG_WARN_EMPTY_BODY = YES;
				CLANG_WARN_ENUM_CONVERSION = YES;
				CLANG_WARN_INT_CONVERSION = YES;
				CLANG_WARN_OBJC_ROOT_CLASS = YES_ERROR;
				CLANG_WARN_UNREACHABLE_CODE = YES;
				CLANG_WARN__DUPLICATE_METHOD_MATCH = YES;
				"CODE_SIGN_IDENTITY[sdk=iphoneos*]" = "iPhone Developer";
				COPY_PHASE_STRIP = NO;
				DEBUG_INFORMATION_FORMAT = dwarf;
				ENABLE_STRICT_OBJC_MSGSEND = YES;
				ENABLE_TESTABILITY = YES;
				GCC_C_LANGUAGE_STANDARD = gnu99;
				GCC_DYNAMIC_NO_PIC = NO;
				GCC_NO_COMMON_BLOCKS = YES;
				GCC_OPTIMIZATION_LEVEL = 0;
				GCC_PREPROCESSOR_DEFINITIONS = (
					"DEBUG=1",
					"$(inherited)",
				);
				GCC_WARN_64_TO_32_BIT_CONVERSION = YES;
				GCC_WARN_ABOUT_RETURN_TYPE = YES_ERROR;
				GCC_WARN_UNDECLARED_SELECTOR = YES;
				GCC_WARN_UNINITIALIZED_AUTOS = YES_AGGRESSIVE;
				GCC_WARN_UNUSED_FUNCTION = YES;
				GCC_WARN_UNUSED_VARIABLE = YES;
				IPHONEOS_DEPLOYMENT_TARGET = 9.0;
				MTL_ENABLE_DEBUG_INFO = YES;
				ONLY_ACTIVE_ARCH = YES;
				SDKROOT = iphoneos;
				SWIFT_OPTIMIZATION_LEVEL = "-Onone";
			};
			name = Debug;
		};
		B5CA13711BC805260017EAD7 /* Release */ = {
			isa = XCBuildConfiguration;
			buildSettings = {
				ALWAYS_SEARCH_USER_PATHS = NO;
				CLANG_CXX_LANGUAGE_STANDARD = "gnu++0x";
				CLANG_CXX_LIBRARY = "libc++";
				CLANG_ENABLE_MODULES = YES;
				CLANG_ENABLE_OBJC_ARC = YES;
				CLANG_WARN_BOOL_CONVERSION = YES;
				CLANG_WARN_CONSTANT_CONVERSION = YES;
				CLANG_WARN_DIRECT_OBJC_ISA_USAGE = YES_ERROR;
				CLANG_WARN_EMPTY_BODY = YES;
				CLANG_WARN_ENUM_CONVERSION = YES;
				CLANG_WARN_INT_CONVERSION = YES;
				CLANG_WARN_OBJC_ROOT_CLASS = YES_ERROR;
				CLANG_WARN_UNREACHABLE_CODE = YES;
				CLANG_WARN__DUPLICATE_METHOD_MATCH = YES;
				"CODE_SIGN_IDENTITY[sdk=iphoneos*]" = "iPhone Developer";
				COPY_PHASE_STRIP = NO;
				DEBUG_INFORMATION_FORMAT = "dwarf-with-dsym";
				ENABLE_NS_ASSERTIONS = NO;
				ENABLE_STRICT_OBJC_MSGSEND = YES;
				GCC_C_LANGUAGE_STANDARD = gnu99;
				GCC_NO_COMMON_BLOCKS = YES;
				GCC_WARN_64_TO_32_BIT_CONVERSION = YES;
				GCC_WARN_ABOUT_RETURN_TYPE = YES_ERROR;
				GCC_WARN_UNDECLARED_SELECTOR = YES;
				GCC_WARN_UNINITIALIZED_AUTOS = YES_AGGRESSIVE;
				GCC_WARN_UNUSED_FUNCTION = YES;
				GCC_WARN_UNUSED_VARIABLE = YES;
				IPHONEOS_DEPLOYMENT_TARGET = 9.0;
				MTL_ENABLE_DEBUG_INFO = NO;
				SDKROOT = iphoneos;
				VALIDATE_PRODUCT = YES;
			};
			name = Release;
		};
		B5CA13731BC805260017EAD7 /* Debug */ = {
			isa = XCBuildConfiguration;
			buildSettings = {
				ASSETCATALOG_COMPILER_APPICON_NAME = AppIcon;
				INFOPLIST_FILE = SwiftEnum/Info.plist;
				LD_RUNPATH_SEARCH_PATHS = "$(inherited) @executable_path/Frameworks";
				PRODUCT_BUNDLE_IDENTIFIER = com.FrankLiu.SwiftEnum;
				PRODUCT_NAME = "$(TARGET_NAME)";
			};
			name = Debug;
		};
		B5CA13741BC805260017EAD7 /* Release */ = {
			isa = XCBuildConfiguration;
			buildSettings = {
				ASSETCATALOG_COMPILER_APPICON_NAME = AppIcon;
				INFOPLIST_FILE = SwiftEnum/Info.plist;
				LD_RUNPATH_SEARCH_PATHS = "$(inherited) @executable_path/Frameworks";
				PRODUCT_BUNDLE_IDENTIFIER = com.FrankLiu.SwiftEnum;
				PRODUCT_NAME = "$(TARGET_NAME)";
			};
			name = Release;
		};
/* End XCBuildConfiguration section */

/* Begin XCConfigurationList section */
		B5CA135B1BC805260017EAD7 /* Build configuration list for PBXProject "SwiftEnum" */ = {
			isa = XCConfigurationList;
			buildConfigurations = (
				B5CA13701BC805260017EAD7 /* Debug */,
				B5CA13711BC805260017EAD7 /* Release */,
			);
			defaultConfigurationIsVisible = 0;
			defaultConfigurationName = Release;
		};
		B5CA13721BC805260017EAD7 /* Build configuration list for PBXNativeTarget "SwiftEnum" */ = {
			isa = XCConfigurationList;
			buildConfigurations = (
				B5CA13731BC805260017EAD7 /* Debug */,
				B5CA13741BC805260017EAD7 /* Release */,
			);
			defaultConfigurationIsVisible = 0;
		};
/* End XCConfigurationList section */
	};
	rootObject = B5CA13581BC805260017EAD7 /* Project object */;
}
